# THIS IS AN AUTOGENERATED FILE. DO NOT EDIT THIS FILE DIRECTLY.
# yarn lockfile v1


create-vite@^4.4.1:
  version "4.4.1"
  resolved "https://registry.yarnpkg.com/create-vite/-/create-vite-4.4.1.tgz#7d29a6ec53491914d3b176a7facfecba1b2659fd"
  integrity sha512-VbE5lc4aO7gterlwTDPxfnEhp/e0xAJui7NydmQiLpKq2yBLTQGcfMXeZeyoIH+E/Di2MQpE4o0K3lZNjlFL+A==
